
Microsoft Visual Studio Solution File, Format Version 12.00
# Visual Studio Version 17
VisualStudioVersion = 17.9.34902.65
MinimumVisualStudioVersion = 10.0.40219.1
Project("{FAE04EC0-301F-11D3-BF4B-00C04F79EFBC}") = "FalloutWordGame", "FalloutWordGame\FalloutWordGame.csproj", "{03606146-A582-49FA-A305-A5B92E64E18F}"
EndProject
Global
	GlobalSection(SolutionConfigurationPlatforms) = preSolution
		Debug|Any CPU = Debug|Any CPU
		Release|Any CPU = Release|Any CPU
	EndGlobalSection
	GlobalSection(ProjectConfigurationPlatforms) = postSolution
		{03606146-A582-49FA-A305-A5B92E64E18F}.Debug|Any CPU.ActiveCfg = Debug|Any CPU
		{03606146-A582-49FA-A305-A5B92E64E18F}.Debug|Any CPU.Build.0 = Debug|Any CPU
		{03606146-A582-49FA-A305-A5B92E64E18F}.Release|Any CPU.ActiveCfg = Release|Any CPU
		{03606146-A582-49FA-A305-A5B92E64E18F}.Release|Any CPU.Build.0 = Release|Any CPU
	EndGlobalSection
	GlobalSection(SolutionProperties) = preSolution
		HideSolutionNode = FALSE
	EndGlobalSection
	GlobalSection(ExtensibilityGlobals) = postSolution
		SolutionGuid = {3F430D52-6C4E-4094-8833-F8D9083700A3}
	EndGlobalSection
EndGlobal
